
Microsoft Visual Studio Solution File, Format Version 12.00
# Visual Studio Version 17
VisualStudioVersion = 17.8.34511.84
MinimumVisualStudioVersion = 10.0.40219.1
Project("{FAE04EC0-301F-11D3-BF4B-00C04F79EFBC}") = "YedinciUniteProje6", "YedinciUniteProje6.csproj", "{A88B4485-5028-4AA0-9402-67A5E84F1DB8}"
EndProject
Global
	GlobalSection(SolutionConfigurationPlatforms) = preSolution
		Debug|Any CPU = Debug|Any CPU
		Release|Any CPU = Release|Any CPU
	EndGlobalSection
	GlobalSection(ProjectConfigurationPlatforms) = postSolution
		{A88B4485-5028-4AA0-9402-67A5E84F1DB8}.Debug|Any CPU.ActiveCfg = Debug|Any CPU
		{A88B4485-5028-4AA0-9402-67A5E84F1DB8}.Debug|Any CPU.Build.0 = Debug|Any CPU
		{A88B4485-5028-4AA0-9402-67A5E84F1DB8}.Release|Any CPU.ActiveCfg = Release|Any CPU
		{A88B4485-5028-4AA0-9402-67A5E84F1DB8}.Release|Any CPU.Build.0 = Release|Any CPU
	EndGlobalSection
	GlobalSection(SolutionProperties) = preSolution
		HideSolutionNode = FALSE
	EndGlobalSection
	GlobalSection(ExtensibilityGlobals) = postSolution
		SolutionGuid = {31CC08D1-302B-4AF3-BB36-0DB40A35BD36}
	EndGlobalSection
EndGlobal
