
Microsoft Visual Studio Solution File, Format Version 12.00
# Visual Studio Version 17
VisualStudioVersion = 17.8.34511.84
MinimumVisualStudioVersion = 10.0.40219.1
Project("{FAE04EC0-301F-11D3-BF4B-00C04F79EFBC}") = "BesinciUniteProje7", "BesinciUniteProje7.csproj", "{942E59B0-CC22-41E7-AF49-12281E45C93E}"
EndProject
Global
	GlobalSection(SolutionConfigurationPlatforms) = preSolution
		Debug|Any CPU = Debug|Any CPU
		Release|Any CPU = Release|Any CPU
	EndGlobalSection
	GlobalSection(ProjectConfigurationPlatforms) = postSolution
		{942E59B0-CC22-41E7-AF49-12281E45C93E}.Debug|Any CPU.ActiveCfg = Debug|Any CPU
		{942E59B0-CC22-41E7-AF49-12281E45C93E}.Debug|Any CPU.Build.0 = Debug|Any CPU
		{942E59B0-CC22-41E7-AF49-12281E45C93E}.Release|Any CPU.ActiveCfg = Release|Any CPU
		{942E59B0-CC22-41E7-AF49-12281E45C93E}.Release|Any CPU.Build.0 = Release|Any CPU
	EndGlobalSection
	GlobalSection(SolutionProperties) = preSolution
		HideSolutionNode = FALSE
	EndGlobalSection
	GlobalSection(ExtensibilityGlobals) = postSolution
		SolutionGuid = {BF5883C9-33C7-47EC-AC32-8236F4A26ED7}
	EndGlobalSection
EndGlobal
