
Microsoft Visual Studio Solution File, Format Version 12.00
# Visual Studio Version 17
VisualStudioVersion = 17.8.34511.84
MinimumVisualStudioVersion = 10.0.40219.1
Project("{FAE04EC0-301F-11D3-BF4B-00C04F79EFBC}") = "BesinciUniteProje8", "BesinciUniteProje8.csproj", "{632CB2F9-C379-45BF-871A-50A2F7584068}"
EndProject
Global
	GlobalSection(SolutionConfigurationPlatforms) = preSolution
		Debug|Any CPU = Debug|Any CPU
		Release|Any CPU = Release|Any CPU
	EndGlobalSection
	GlobalSection(ProjectConfigurationPlatforms) = postSolution
		{632CB2F9-C379-45BF-871A-50A2F7584068}.Debug|Any CPU.ActiveCfg = Debug|Any CPU
		{632CB2F9-C379-45BF-871A-50A2F7584068}.Debug|Any CPU.Build.0 = Debug|Any CPU
		{632CB2F9-C379-45BF-871A-50A2F7584068}.Release|Any CPU.ActiveCfg = Release|Any CPU
		{632CB2F9-C379-45BF-871A-50A2F7584068}.Release|Any CPU.Build.0 = Release|Any CPU
	EndGlobalSection
	GlobalSection(SolutionProperties) = preSolution
		HideSolutionNode = FALSE
	EndGlobalSection
	GlobalSection(ExtensibilityGlobals) = postSolution
		SolutionGuid = {778A1A39-8CE1-461B-A1AD-40D302A3F171}
	EndGlobalSection
EndGlobal
