
Microsoft Visual Studio Solution File, Format Version 12.00
# Visual Studio Version 17
VisualStudioVersion = 17.8.34511.84
MinimumVisualStudioVersion = 10.0.40219.1
Project("{FAE04EC0-301F-11D3-BF4B-00C04F79EFBC}") = "BesinciUniteProje11", "BesinciUniteProje11.csproj", "{2B9CD0EA-5894-4DAE-B899-909A17944DDD}"
EndProject
Global
	GlobalSection(SolutionConfigurationPlatforms) = preSolution
		Debug|Any CPU = Debug|Any CPU
		Release|Any CPU = Release|Any CPU
	EndGlobalSection
	GlobalSection(ProjectConfigurationPlatforms) = postSolution
		{2B9CD0EA-5894-4DAE-B899-909A17944DDD}.Debug|Any CPU.ActiveCfg = Debug|Any CPU
		{2B9CD0EA-5894-4DAE-B899-909A17944DDD}.Debug|Any CPU.Build.0 = Debug|Any CPU
		{2B9CD0EA-5894-4DAE-B899-909A17944DDD}.Release|Any CPU.ActiveCfg = Release|Any CPU
		{2B9CD0EA-5894-4DAE-B899-909A17944DDD}.Release|Any CPU.Build.0 = Release|Any CPU
	EndGlobalSection
	GlobalSection(SolutionProperties) = preSolution
		HideSolutionNode = FALSE
	EndGlobalSection
	GlobalSection(ExtensibilityGlobals) = postSolution
		SolutionGuid = {3B641C27-70C8-4B36-98AF-F7B29D315746}
	EndGlobalSection
EndGlobal
